
Microsoft Visual Studio Solution File, Format Version 12.00
# Visual Studio 2013
VisualStudioVersion = 12.0.31101.0
MinimumVisualStudioVersion = 10.0.40219.1
Project("{FAE04EC0-301F-11D3-BF4B-00C04F79EFBC}") = "SweetStack", "Product\SweetStack\SweetStack.csproj", "{8A4979F6-C701-47A4-B906-84E18312671E}"
EndProject
Project("{FAE04EC0-301F-11D3-BF4B-00C04F79EFBC}") = "SweetStack.Test", "Tests\SweetStack.Test\SweetStack.Test.csproj", "{4E9F7799-C4B5-4104-BD44-3852A873CB7F}"
EndProject
Project("{2150E333-8FDC-42A3-9474-1A3956D46DE8}") = "Production", "Production", "{8AF5A64B-F6C0-4973-BF88-E018EDD08687}"
EndProject
Project("{2150E333-8FDC-42A3-9474-1A3956D46DE8}") = "Tests", "Tests", "{A8C57797-DCB9-4AB7-AC87-4690385CD1C8}"
EndProject
Project("{FAE04EC0-301F-11D3-BF4B-00C04F79EFBC}") = "SweetStack.Service", "Product\SweetStack.Service\SweetStack.Service.csproj", "{BA8E0FC8-36AD-4470-92EC-E6EC6633CD6D}"
EndProject
Project("{FAE04EC0-301F-11D3-BF4B-00C04F79EFBC}") = "SweetStack.WebService", "Product\SweetStack.WebService\SweetStack.WebService.csproj", "{2D161180-3D2F-4EC8-8074-88492423FEA5}"
EndProject
Project("{FAE04EC0-301F-11D3-BF4B-00C04F79EFBC}") = "SweetStack.IoC", "SweetStack.IoC\SweetStack.IoC.csproj", "{0028B320-0642-4995-BDD5-3B4A52A5719E}"
EndProject
Project("{FAE04EC0-301F-11D3-BF4B-00C04F79EFBC}") = "SweetStack.Users", "SweetStack.Users\SweetStack.Users.csproj", "{D559F4CD-B02B-453A-BDD8-507E418F32D8}"
EndProject
Project("{FAE04EC0-301F-11D3-BF4B-00C04F79EFBC}") = "SweetStack.Users.Test", "SweetStack.Users.Test\SweetStack.Users.Test.csproj", "{F090C8D3-AAAB-496A-844D-8CC2B516EC05}"
EndProject
Project("{FAE04EC0-301F-11D3-BF4B-00C04F79EFBC}") = "SweetStack.DTO", "SweetStack.DTO\SweetStack.DTO.csproj", "{86DCB8CB-F0CB-4932-A248-D02F9AB41897}"
EndProject
Project("{FAE04EC0-301F-11D3-BF4B-00C04F79EFBC}") = "SweetStack.Definitions", "SweetStack.Definitions\SweetStack.Definitions.csproj", "{DA366571-36D9-40C7-BAFF-30AC5373B1B9}"
EndProject
Global
	GlobalSection(SolutionConfigurationPlatforms) = preSolution
		Debug|Any CPU = Debug|Any CPU
		Release|Any CPU = Release|Any CPU
	EndGlobalSection
	GlobalSection(ProjectConfigurationPlatforms) = postSolution
		{8A4979F6-C701-47A4-B906-84E18312671E}.Debug|Any CPU.ActiveCfg = Debug|Any CPU
		{8A4979F6-C701-47A4-B906-84E18312671E}.Debug|Any CPU.Build.0 = Debug|Any CPU
		{8A4979F6-C701-47A4-B906-84E18312671E}.Release|Any CPU.ActiveCfg = Release|Any CPU
		{8A4979F6-C701-47A4-B906-84E18312671E}.Release|Any CPU.Build.0 = Release|Any CPU
		{4E9F7799-C4B5-4104-BD44-3852A873CB7F}.Debug|Any CPU.ActiveCfg = Debug|Any CPU
		{4E9F7799-C4B5-4104-BD44-3852A873CB7F}.Debug|Any CPU.Build.0 = Debug|Any CPU
		{4E9F7799-C4B5-4104-BD44-3852A873CB7F}.Release|Any CPU.ActiveCfg = Release|Any CPU
		{4E9F7799-C4B5-4104-BD44-3852A873CB7F}.Release|Any CPU.Build.0 = Release|Any CPU
		{BA8E0FC8-36AD-4470-92EC-E6EC6633CD6D}.Debug|Any CPU.ActiveCfg = Debug|Any CPU
		{BA8E0FC8-36AD-4470-92EC-E6EC6633CD6D}.Debug|Any CPU.Build.0 = Debug|Any CPU
		{BA8E0FC8-36AD-4470-92EC-E6EC6633CD6D}.Release|Any CPU.ActiveCfg = Release|Any CPU
		{BA8E0FC8-36AD-4470-92EC-E6EC6633CD6D}.Release|Any CPU.Build.0 = Release|Any CPU
		{2D161180-3D2F-4EC8-8074-88492423FEA5}.Debug|Any CPU.ActiveCfg = Debug|Any CPU
		{2D161180-3D2F-4EC8-8074-88492423FEA5}.Debug|Any CPU.Build.0 = Debug|Any CPU
		{2D161180-3D2F-4EC8-8074-88492423FEA5}.Release|Any CPU.ActiveCfg = Release|Any CPU
		{2D161180-3D2F-4EC8-8074-88492423FEA5}.Release|Any CPU.Build.0 = Release|Any CPU
		{0028B320-0642-4995-BDD5-3B4A52A5719E}.Debug|Any CPU.ActiveCfg = Debug|Any CPU
		{0028B320-0642-4995-BDD5-3B4A52A5719E}.Debug|Any CPU.Build.0 = Debug|Any CPU
		{0028B320-0642-4995-BDD5-3B4A52A5719E}.Release|Any CPU.ActiveCfg = Release|Any CPU
		{0028B320-0642-4995-BDD5-3B4A52A5719E}.Release|Any CPU.Build.0 = Release|Any CPU
		{D559F4CD-B02B-453A-BDD8-507E418F32D8}.Debug|Any CPU.ActiveCfg = Debug|Any CPU
		{D559F4CD-B02B-453A-BDD8-507E418F32D8}.Debug|Any CPU.Build.0 = Debug|Any CPU
		{D559F4CD-B02B-453A-BDD8-507E418F32D8}.Release|Any CPU.ActiveCfg = Release|Any CPU
		{D559F4CD-B02B-453A-BDD8-507E418F32D8}.Release|Any CPU.Build.0 = Release|Any CPU
		{F090C8D3-AAAB-496A-844D-8CC2B516EC05}.Debug|Any CPU.ActiveCfg = Debug|Any CPU
		{F090C8D3-AAAB-496A-844D-8CC2B516EC05}.Debug|Any CPU.Build.0 = Debug|Any CPU
		{F090C8D3-AAAB-496A-844D-8CC2B516EC05}.Release|Any CPU.ActiveCfg = Release|Any CPU
		{F090C8D3-AAAB-496A-844D-8CC2B516EC05}.Release|Any CPU.Build.0 = Release|Any CPU
		{86DCB8CB-F0CB-4932-A248-D02F9AB41897}.Debug|Any CPU.ActiveCfg = Debug|Any CPU
		{86DCB8CB-F0CB-4932-A248-D02F9AB41897}.Debug|Any CPU.Build.0 = Debug|Any CPU
		{86DCB8CB-F0CB-4932-A248-D02F9AB41897}.Release|Any CPU.ActiveCfg = Release|Any CPU
		{86DCB8CB-F0CB-4932-A248-D02F9AB41897}.Release|Any CPU.Build.0 = Release|Any CPU
		{DA366571-36D9-40C7-BAFF-30AC5373B1B9}.Debug|Any CPU.ActiveCfg = Debug|Any CPU
		{DA366571-36D9-40C7-BAFF-30AC5373B1B9}.Debug|Any CPU.Build.0 = Debug|Any CPU
		{DA366571-36D9-40C7-BAFF-30AC5373B1B9}.Release|Any CPU.ActiveCfg = Release|Any CPU
		{DA366571-36D9-40C7-BAFF-30AC5373B1B9}.Release|Any CPU.Build.0 = Release|Any CPU
	EndGlobalSection
	GlobalSection(SolutionProperties) = preSolution
		HideSolutionNode = FALSE
	EndGlobalSection
	GlobalSection(NestedProjects) = preSolution
		{8A4979F6-C701-47A4-B906-84E18312671E} = {8AF5A64B-F6C0-4973-BF88-E018EDD08687}
		{4E9F7799-C4B5-4104-BD44-3852A873CB7F} = {A8C57797-DCB9-4AB7-AC87-4690385CD1C8}
		{BA8E0FC8-36AD-4470-92EC-E6EC6633CD6D} = {8AF5A64B-F6C0-4973-BF88-E018EDD08687}
		{2D161180-3D2F-4EC8-8074-88492423FEA5} = {8AF5A64B-F6C0-4973-BF88-E018EDD08687}
		{0028B320-0642-4995-BDD5-3B4A52A5719E} = {8AF5A64B-F6C0-4973-BF88-E018EDD08687}
		{D559F4CD-B02B-453A-BDD8-507E418F32D8} = {8AF5A64B-F6C0-4973-BF88-E018EDD08687}
		{F090C8D3-AAAB-496A-844D-8CC2B516EC05} = {A8C57797-DCB9-4AB7-AC87-4690385CD1C8}
		{86DCB8CB-F0CB-4932-A248-D02F9AB41897} = {8AF5A64B-F6C0-4973-BF88-E018EDD08687}
		{DA366571-36D9-40C7-BAFF-30AC5373B1B9} = {8AF5A64B-F6C0-4973-BF88-E018EDD08687}
	EndGlobalSection
EndGlobal
